# @generated - this file is auto-generated by `mise lock` https://mise.jdx.dev/dev-tools/mise-lock.html

[[tools."cargo:hk"]]
version = "2.0.0"
backend = "cargo:hk"

[[tools.hyperfine]]
version = "1.20.0"
backend = "aqua:sharkdp/hyperfine"

[tools.hyperfine."platforms.linux-arm64"]
checksum = "sha256:90875cb1db7a1d797c311174d061728361e58fc70e3b62262a00635ac3b1997c"
url = "https://github.com/sharkdp/hyperfine/releases/download/v1.20.0/hyperfine-v1.20.0-aarch64-unknown-linux-gnu.tar.gz"
url_api = "https://api.github.com/repos/sharkdp/hyperfine/releases/assets/317832112"

[tools.hyperfine."platforms.linux-x64"]
checksum = "sha256:3285ec7959285288137043dd81dce0dde056227018a8277532d9a364b4f03c2b"
url = "https://github.com/sharkdp/hyperfine/releases/download/v1.20.0/hyperfine-v1.20.0-x86_64-unknown-linux-musl.tar.gz"
url_api = "https://api.github.com/repos/sharkdp/hyperfine/releases/assets/317832008"

[tools.hyperfine."platforms.linux-x64-musl"]
checksum = "sha256:3285ec7959285288137043dd81dce0dde056227018a8277532d9a364b4f03c2b"
url = "https://github.com/sharkdp/hyperfine/releases/download/v1.20.0/hyperfine-v1.20.0-x86_64-unknown-linux-musl.tar.gz"
url_api = "https://api.github.com/repos/sharkdp/hyperfine/releases/assets/317832008"

[tools.hyperfine."platforms.macos-arm64"]
checksum = "sha256:f58d0b90993fadfa122a351428c469ce24afef3865f027f0e6e86f0830d088f1"
url = "https://github.com/sharkdp/hyperfine/releases/download/v1.20.0/hyperfine-v1.20.0-x86_64-apple-darwin.tar.gz"
url_api = "https://api.github.com/repos/sharkdp/hyperfine/releases/assets/317832526"

[tools.hyperfine."platforms.macos-x64"]
checksum = "sha256:f58d0b90993fadfa122a351428c469ce24afef3865f027f0e6e86f0830d088f1"
url = "https://github.com/sharkdp/hyperfine/releases/download/v1.20.0/hyperfine-v1.20.0-x86_64-apple-darwin.tar.gz"
url_api = "https://api.github.com/repos/sharkdp/hyperfine/releases/assets/317832526"

[tools.hyperfine."platforms.windows-x64"]
checksum = "sha256:2508c549b049b1d4342d08edc1cb42bfac169082b6e3069431b5bab9822dbb32"
url = "https://github.com/sharkdp/hyperfine/releases/download/v1.20.0/hyperfine-v1.20.0-x86_64-pc-windows-msvc.zip"
url_api = "https://api.github.com/repos/sharkdp/hyperfine/releases/assets/317832313"

[[tools.lefthook]]
version = "2.1.12"
backend = "aqua:evilmartians/lefthook"

[tools.lefthook."platforms.linux-arm64"]
checksum = "sha256:d96ac16753f6d3d69b92098621c2a2427522a9c2c3e78cd7c9b4a9790b0b8f17"
url = "https://github.com/evilmartians/lefthook/releases/download/v2.1.12/lefthook_2.1.12_Linux_aarch64.gz"
url_api = "https://api.github.com/repos/evilmartians/lefthook/releases/assets/533627819"
provenance = "github-attestations"

[tools.lefthook."platforms.linux-arm64-musl"]
checksum = "sha256:d96ac16753f6d3d69b92098621c2a2427522a9c2c3e78cd7c9b4a9790b0b8f17"
url = "https://github.com/evilmartians/lefthook/releases/download/v2.1.12/lefthook_2.1.12_Linux_aarch64.gz"
url_api = "https://api.github.com/repos/evilmartians/lefthook/releases/assets/533627819"
provenance = "github-attestations"

[tools.lefthook."platforms.linux-x64"]
checksum = "sha256:dad908593c859d139b886c14913a44401d95288aa7642d9bdf6f3bd36bd788ff"
url = "https://github.com/evilmartians/lefthook/releases/download/v2.1.12/lefthook_2.1.12_Linux_x86_64.gz"
url_api = "https://api.github.com/repos/evilmartians/lefthook/releases/assets/533627780"
provenance = "github-attestations"

[tools.lefthook."platforms.linux-x64-musl"]
checksum = "sha256:dad908593c859d139b886c14913a44401d95288aa7642d9bdf6f3bd36bd788ff"
url = "https://github.com/evilmartians/lefthook/releases/download/v2.1.12/lefthook_2.1.12_Linux_x86_64.gz"
url_api = "https://api.github.com/repos/evilmartians/lefthook/releases/assets/533627780"
provenance = "github-attestations"

[tools.lefthook."platforms.macos-arm64"]
checksum = "sha256:f23eac328ca50c7b775dc24dc275cdeacb65e16cf8bd1745d18e3c563f704f94"
url = "https://github.com/evilmartians/lefthook/releases/download/v2.1.12/lefthook_2.1.12_MacOS_arm64.gz"
url_api = "https://api.github.com/repos/evilmartians/lefthook/releases/assets/533627758"
provenance = "github-attestations"

[tools.lefthook."platforms.macos-x64"]
checksum = "sha256:83c8591d338b1b789944480d9effe2807adc903cf27e4a16ab013e39d7723c31"
url = "https://github.com/evilmartians/lefthook/releases/download/v2.1.12/lefthook_2.1.12_MacOS_x86_64.gz"
url_api = "https://api.github.com/repos/evilmartians/lefthook/releases/assets/533627775"
provenance = "github-attestations"

[tools.lefthook."platforms.windows-x64"]
checksum = "sha256:c642d9ad8818faff1379e1b72321b4baddd0d6f20ffd7303f59386bb6abfd6e9"
url = "https://github.com/evilmartians/lefthook/releases/download/v2.1.12/lefthook_2.1.12_Windows_x86_64.gz"
url_api = "https://api.github.com/repos/evilmartians/lefthook/releases/assets/533627801"
provenance = "github-attestations"

[[tools.node]]
version = "24.21.0"
backend = "core:node"

[tools.node."platforms.linux-arm64"]
checksum = "sha256:724282c3b43aec998aa9527380465b45d229e021b58035f5f4f63095eabfe5d5"
url = "https://nodejs.org/dist/v24.21.0/node-v24.21.0-linux-arm64.tar.gz"

[tools.node."platforms.linux-arm64-musl"]
checksum = "sha256:3048b0811e158ca0d8672b59c839861763e144492980d8d29b369dfee45747e4"
url = "https://unofficial-builds.nodejs.org/download/release/v24.21.0/node-v24.21.0-linux-arm64-musl.tar.gz"

[tools.node."platforms.linux-x64"]
checksum = "sha256:6e1db87ef58b8819e5d5402eff1536491b18edd8eb7bee5ef7897876e88dc5ff"
url = "https://nodejs.org/dist/v24.21.0/node-v24.21.0-linux-x64.tar.gz"

[tools.node."platforms.linux-x64-musl"]
checksum = "sha256:01a713e34da98e7b4d2a3191ee7ca3f93dd0384d1a2ef23c379b2161ee6e133a"
url = "https://unofficial-builds.nodejs.org/download/release/v24.21.0/node-v24.21.0-linux-x64-musl.tar.gz"

[tools.node."platforms.macos-arm64"]
checksum = "sha256:bed7eea5325e1108f32ce5228ddd6a5f0f08a499ee42aa7442aea583702f6057"
url = "https://nodejs.org/dist/v24.21.0/node-v24.21.0-darwin-arm64.tar.gz"

[tools.node."platforms.macos-x64"]
checksum = "sha256:1462cb3b3046b815cf8ea436d3da450ec1a9f11dac7e5a46b0ada5305d7e8097"
url = "https://nodejs.org/dist/v24.21.0/node-v24.21.0-darwin-x64.tar.gz"

[tools.node."platforms.windows-x64"]
checksum = "sha256:158f7685b44de51f6c0df1d153526cbcd3e1bc739a8dfc607721cef75de9e541"
url = "https://nodejs.org/dist/v24.21.0/node-v24.21.0-win-x64.zip"

[[tools."npm:lint-staged"]]
version = "17.5.1"
backend = "npm:lint-staged"

[[tools."npm:nano-staged"]]
version = "1.0.2"
backend = "npm:nano-staged"

[[tools."pipx:pre-commit"]]
version = "4.6.2"
backend = "pipx:pre-commit"

[tools."pipx:pre-commit".options]
uvx_args = "--python 3.13.15"

[[tools.prek]]
version = "0.5.3"
backend = "aqua:j178/prek"

[tools.prek."platforms.linux-arm64"]
checksum = "sha256:ad3fe48802a02ec82286ab842c4a09a4e1db765e402f1fcc016f75b6929ec480"
url = "https://github.com/j178/prek/releases/download/v0.5.3/prek-aarch64-unknown-linux-musl.tar.gz"
url_api = "https://api.github.com/repos/j178/prek/releases/assets/560889200"
provenance = "github-attestations"

[tools.prek."platforms.linux-arm64-musl"]
checksum = "sha256:ad3fe48802a02ec82286ab842c4a09a4e1db765e402f1fcc016f75b6929ec480"
url = "https://github.com/j178/prek/releases/download/v0.5.3/prek-aarch64-unknown-linux-musl.tar.gz"
url_api = "https://api.github.com/repos/j178/prek/releases/assets/560889200"
provenance = "github-attestations"

[tools.prek."platforms.linux-x64"]
checksum = "sha256:d4eae1f31c0817d0a9bfa532d4bb66df60a8b01f121def002021915e826c3d1f"
url = "https://github.com/j178/prek/releases/download/v0.5.3/prek-x86_64-unknown-linux-musl.tar.gz"
url_api = "https://api.github.com/repos/j178/prek/releases/assets/560889232"
provenance = "github-attestations"

[tools.prek."platforms.linux-x64-musl"]
checksum = "sha256:d4eae1f31c0817d0a9bfa532d4bb66df60a8b01f121def002021915e826c3d1f"
url = "https://github.com/j178/prek/releases/download/v0.5.3/prek-x86_64-unknown-linux-musl.tar.gz"
url_api = "https://api.github.com/repos/j178/prek/releases/assets/560889232"
provenance = "github-attestations"

[tools.prek."platforms.macos-arm64"]
checksum = "sha256:6006cc4e69cfc86d55f4e407ca60ba960a521befa54fece94038639b1f4de381"
url = "https://github.com/j178/prek/releases/download/v0.5.3/prek-aarch64-apple-darwin.tar.gz"
url_api = "https://api.github.com/repos/j178/prek/releases/assets/560889174"
provenance = "github-attestations"

[tools.prek."platforms.macos-x64"]
checksum = "sha256:874f05d12e7cb672758295b5253dfd05aadad3c2bcaa42ae712b917294629b07"
url = "https://github.com/j178/prek/releases/download/v0.5.3/prek-x86_64-apple-darwin.tar.gz"
url_api = "https://api.github.com/repos/j178/prek/releases/assets/560889217"
provenance = "github-attestations"

[tools.prek."platforms.windows-x64"]
checksum = "sha256:c15a5636bf93a3937507d8da2302b074b0946b3d35882471b002ea93586728d8"
url = "https://github.com/j178/prek/releases/download/v0.5.3/prek-x86_64-pc-windows-msvc.zip"
url_api = "https://api.github.com/repos/j178/prek/releases/assets/560889220"
provenance = "github-attestations"

[[tools.uv]]
version = "0.12.13"
backend = "aqua:astral-sh/uv"

[tools.uv."platforms.linux-arm64"]
checksum = "sha256:f44bc1037a17889fe562fffd2002d4ed108e499fbe68b4f022af244dc7b8244f"
url = "https://github.com/astral-sh/uv/releases/download/0.12.13/uv-aarch64-unknown-linux-musl.tar.gz"
url_api = "https://api.github.com/repos/astral-sh/uv/releases/assets/555670202"
provenance = "github-attestations"

[tools.uv."platforms.linux-arm64-musl"]
checksum = "sha256:f44bc1037a17889fe562fffd2002d4ed108e499fbe68b4f022af244dc7b8244f"
url = "https://github.com/astral-sh/uv/releases/download/0.12.13/uv-aarch64-unknown-linux-musl.tar.gz"
url_api = "https://api.github.com/repos/astral-sh/uv/releases/assets/555670202"
provenance = "github-attestations"

[tools.uv."platforms.linux-x64"]
checksum = "sha256:4e2bfd0c9007b1032a50e539e965fd0a6037d87ad93ae1580d220a92d4c94098"
url = "https://github.com/astral-sh/uv/releases/download/0.12.13/uv-x86_64-unknown-linux-musl.tar.gz"
url_api = "https://api.github.com/repos/astral-sh/uv/releases/assets/555670382"
provenance = "github-attestations"

[tools.uv."platforms.linux-x64-musl"]
checksum = "sha256:4e2bfd0c9007b1032a50e539e965fd0a6037d87ad93ae1580d220a92d4c94098"
url = "https://github.com/astral-sh/uv/releases/download/0.12.13/uv-x86_64-unknown-linux-musl.tar.gz"
url_api = "https://api.github.com/repos/astral-sh/uv/releases/assets/555670382"
provenance = "github-attestations"

[tools.uv."platforms.macos-arm64"]
checksum = "sha256:7e6ddb9316acc00f2296c82ff4d99977870ee34b2f0ddcae9444d714db9364ed"
url = "https://github.com/astral-sh/uv/releases/download/0.12.13/uv-aarch64-apple-darwin.tar.gz"
url_api = "https://api.github.com/repos/astral-sh/uv/releases/assets/555670160"
provenance = "github-attestations"

[tools.uv."platforms.macos-x64"]
checksum = "sha256:5e287ef61cb6a9b61b3a83fef124fd143e400468a7dac794230147a810e17119"
url = "https://github.com/astral-sh/uv/releases/download/0.12.13/uv-x86_64-apple-darwin.tar.gz"
url_api = "https://api.github.com/repos/astral-sh/uv/releases/assets/555670348"
provenance = "github-attestations"

[tools.uv."platforms.windows-x64"]
checksum = "sha256:a86c9dc7bad9b03f388583b7187c05fe9951c2e0d392217e8fd43d97787f6ec2"
url = "https://github.com/astral-sh/uv/releases/download/0.12.13/uv-x86_64-pc-windows-msvc.zip"
url_api = "https://api.github.com/repos/astral-sh/uv/releases/assets/555670362"
provenance = "github-attestations"
